// !$*UTF8*$!
{
	archiveVersion = 1;
	classes = {
	};
	objectVersion = 46;
	objects = {

/* Begin PBXBuildFile section */
		2EB7DF381B622106008E6EBB /* main.m in Sources */ = {isa = PBXBuildFile; fileRef = 2EB7DF371B622106008E6EBB /* main.m */; };
		2EB7DF3B1B622106008E6EBB /* AppDelegate.m in Sources */ = {isa = PBXBuildFile; fileRef = 2EB7DF3A1B622106008E6EBB /* AppDelegate.m */; };
		2EB7DF3E1B622106008E6EBB /* FirstViewController.m in Sources */ = {isa = PBXBuildFile; fileRef = 2EB7DF3D1B622106008E6EBB /* FirstViewController.m */; };
		2EB7DF411B622106008E6EBB /* SecondViewController.m in Sources */ = {isa = PBXBuildFile; fileRef = 2EB7DF401B622106008E6EBB /* SecondViewController.m */; };
		2EB7DF441B622106008E6EBB /* Main.storyboard in Resources */ = {isa = PBXBuildFile; fileRef = 2EB7DF421B622106008E6EBB /* Main.storyboard */; };
		2EB7DF461B622106008E6EBB /* Images.xcassets in Resources */ = {isa = PBXBuildFile; fileRef = 2EB7DF451B622106008E6EBB /* Images.xcassets */; };
		2EB7DF491B622106008E6EBB /* LaunchScreen.xib in Resources */ = {isa = PBXBuildFile; fileRef = 2EB7DF471B622106008E6EBB /* LaunchScreen.xib */; };
		2EB7DF551B622106008E6EBB /* MyShapes1Tests.m in Sources */ = {isa = PBXBuildFile; fileRef = 2EB7DF541B622106008E6EBB /* MyShapes1Tests.m */; };
/* End PBXBuildFile section */

/* Begin PBXContainerItemProxy section */
		2EB7DF4F1B622106008E6EBB /* PBXContainerItemProxy */ = {
			isa = PBXContainerItemProxy;
			containerPortal = 2EB7DF2A1B622106008E6EBB /* Project object */;
			proxyType = 1;
			remoteGlobalIDString = 2EB7DF311B622106008E6EBB;
			remoteInfo = MyShapes1;
		};
/* End PBXContainerItemProxy section */

/* Begin PBXFileReference section */
		2EB7DF321B622106008E6EBB /* MyShapes1.app */ = {isa = PBXFileReference; explicitFileType = wrapper.application; includeInIndex = 0; path = MyShapes1.app; sourceTree = BUILT_PRODUCTS_DIR; };
		2EB7DF361B622106008E6EBB /* Info.plist */ = {isa = PBXFileReference; lastKnownFileType = text.plist.xml; path = Info.plist; sourceTree = "<group>"; };
		2EB7DF371B622106008E6EBB /* main.m */ = {isa = PBXFileReference; lastKnownFileType = sourcecode.c.objc; path = main.m; sourceTree = "<group>"; };
		2EB7DF391B622106008E6EBB /* AppDelegate.h */ = {isa = PBXFileReference; lastKnownFileType = sourcecode.c.h; path = AppDelegate.h; sourceTree = "<group>"; };
		2EB7DF3A1B622106008E6EBB /* AppDelegate.m */ = {isa = PBXFileReference; lastKnownFileType = sourcecode.c.objc; path = AppDelegate.m; sourceTree = "<group>"; };
		2EB7DF3C1B622106008E6EBB /* FirstViewController.h */ = {isa = PBXFileReference; lastKnownFileType = sourcecode.c.h; path = FirstViewController.h; sourceTree = "<group>"; };
		2EB7DF3D1B622106008E6EBB /* FirstViewController.m */ = {isa = PBXFileReference; lastKnownFileType = sourcecode.c.objc; path = FirstViewController.m; sourceTree = "<group>"; };
		2EB7DF3F1B622106008E6EBB /* SecondViewController.h */ = {isa = PBXFileReference; lastKnownFileType = sourcecode.c.h; path = SecondViewController.h; sourceTree = "<group>"; };
		2EB7DF401B622106008E6EBB /* SecondViewController.m */ = {isa = PBXFileReference; lastKnownFileType = sourcecode.c.objc; path = SecondViewController.m; sourceTree = "<group>"; };
		2EB7DF431B622106008E6EBB /* Base */ = {isa = PBXFileReference; lastKnownFileType = file.storyboard; name = Base; path = Base.lproj/Main.storyboard; sourceTree = "<group>"; };
		2EB7DF451B622106008E6EBB /* Images.xcassets */ = {isa = PBXFileReference; lastKnownFileType = folder.assetcatalog; path = Images.xcassets; sourceTree = "<group>"; };
		2EB7DF481B622106008E6EBB /* Base */ = {isa = PBXFileReference; lastKnownFileType = file.xib; name = Base; path = Base.lproj/LaunchScreen.xib; sourceTree = "<group>"; };
		2EB7DF4E1B622106008E6EBB /* MyShapes1Tests.xctest */ = {isa = PBXFileReference; explicitFileType = wrapper.cfbundle; includeInIndex = 0; path = MyShapes1Tests.xctest; sourceTree = BUILT_PRODUCTS_DIR; };
		2EB7DF531B622106008E6EBB /* Info.plist */ = {isa = PBXFileReference; lastKnownFileType = text.plist.xml; path = Info.plist; sourceTree = "<group>"; };
		2EB7DF541B622106008E6EBB /* MyShapes1Tests.m */ = {isa = PBXFileReference; lastKnownFileType = sourcecode.c.objc; path = MyShapes1Tests.m; sourceTree = "<group>"; };
/* End PBXFileReference section */

/* Begin PBXFrameworksBuildPhase section */
		2EB7DF2F1B622106008E6EBB /* Frameworks */ = {
			isa = PBXFrameworksBuildPhase;
			buildActionMask = 2147483647;
			files = (
			);
			runOnlyForDeploymentPostprocessing = 0;
		};
		2EB7DF4B1B622106008E6EBB /* Frameworks */ = {
			isa = PBXFrameworksBuildPhase;
			buildActionMask = 2147483647;
			files = (
			);
			runOnlyForDeploymentPostprocessing = 0;
		};
/* End PBXFrameworksBuildPhase section */

/* Begin PBXGroup section */
		2EB7DF291B622106008E6EBB = {
			isa = PBXGroup;
			children = (
				2EB7DF341B622106008E6EBB /* MyShapes1 */,
				2EB7DF511B622106008E6EBB /* MyShapes1Tests */,
				2EB7DF331B622106008E6EBB /* Products */,
			);
			sourceTree = "<group>";
		};
		2EB7DF331B622106008E6EBB /* Products */ = {
			isa = PBXGroup;
			children = (
				2EB7DF321B622106008E6EBB /* MyShapes1.app */,
				2EB7DF4E1B622106008E6EBB /* MyShapes1Tests.xctest */,
			);
			name = Products;
			sourceTree = "<group>";
		};
		2EB7DF341B622106008E6EBB /* MyShapes1 */ = {
			isa = PBXGroup;
			children = (
				2EB7DF391B622106008E6EBB /* AppDelegate.h */,
				2EB7DF3A1B622106008E6EBB /* AppDelegate.m */,
				2EB7DF3C1B622106008E6EBB /* FirstViewController.h */,
				2EB7DF3D1B622106008E6EBB /* FirstViewController.m */,
				2EB7DF3F1B622106008E6EBB /* SecondViewController.h */,
				2EB7DF401B622106008E6EBB /* SecondViewController.m */,
				2EB7DF421B622106008E6EBB /* Main.storyboard */,
				2EB7DF451B622106008E6EBB /* Images.xcassets */,
				2EB7DF471B622106008E6EBB /* LaunchScreen.xib */,
				2EB7DF351B622106008E6EBB /* Supporting Files */,
			);
			path = MyShapes1;
			sourceTree = "<group>";
		};
		2EB7DF351B622106008E6EBB /* Supporting Files */ = {
			isa = PBXGroup;
			children = (
				2EB7DF361B622106008E6EBB /* Info.plist */,
				2EB7DF371B622106008E6EBB /* main.m */,
			);
			name = "Supporting Files";
			sourceTree = "<group>";
		};
		2EB7DF511B622106008E6EBB /* MyShapes1Tests */ = {
			isa = PBXGroup;
			children = (
				2EB7DF541B622106008E6EBB /* MyShapes1Tests.m */,
				2EB7DF521B622106008E6EBB /* Supporting Files */,
			);
			path = MyShapes1Tests;
			sourceTree = "<group>";
		};
		2EB7DF521B622106008E6EBB /* Supporting Files */ = {
			isa = PBXGroup;
			children = (
				2EB7DF531B622106008E6EBB /* Info.plist */,
			);
			name = "Supporting Files";
			sourceTree = "<group>";
		};
/* End PBXGroup section */

/* Begin PBXNativeTarget section */
		2EB7DF311B622106008E6EBB /* MyShapes1 */ = {
			isa = PBXNativeTarget;
			buildConfigurationList = 2EB7DF581B622106008E6EBB /* Build configuration list for PBXNativeTarget "MyShapes1" */;
			buildPhases = (
				2EB7DF2E1B622106008E6EBB /* Sources */,
				2EB7DF2F1B622106008E6EBB /* Frameworks */,
				2EB7DF301B622106008E6EBB /* Resources */,
			);
			buildRules = (
			);
			dependencies = (
			);
			name = MyShapes1;
			productName = MyShapes1;
			productReference = 2EB7DF321B622106008E6EBB /* MyShapes1.app */;
			productType = "com.apple.product-type.application";
		};
		2EB7DF4D1B622106008E6EBB /* MyShapes1Tests */ = {
			isa = PBXNativeTarget;
			buildConfigurationList = 2EB7DF5B1B622106008E6EBB /* Build configuration list for PBXNativeTarget "MyShapes1Tests" */;
			buildPhases = (
				2EB7DF4A1B622106008E6EBB /* Sources */,
				2EB7DF4B1B622106008E6EBB /* Frameworks */,
				2EB7DF4C1B622106008E6EBB /* Resources */,
			);
			buildRules = (
			);
			dependencies = (
				2EB7DF501B622106008E6EBB /* PBXTargetDependency */,
			);
			name = MyShapes1Tests;
			productName = MyShapes1Tests;
			productReference = 2EB7DF4E1B622106008E6EBB /* MyShapes1Tests.xctest */;
			productType = "com.apple.product-type.bundle.unit-test";
		};
/* End PBXNativeTarget section */

/* Begin PBXProject section */
		2EB7DF2A1B622106008E6EBB /* Project object */ = {
			isa = PBXProject;
			attributes = {
				LastUpgradeCheck = 0640;
				ORGANIZATIONNAME = "Wiktor Biruk";
				TargetAttributes = {
					2EB7DF311B622106008E6EBB = {
						CreatedOnToolsVersion = 6.4;
					};
					2EB7DF4D1B622106008E6EBB = {
						CreatedOnToolsVersion = 6.4;
						TestTargetID = 2EB7DF311B622106008E6EBB;
					};
				};
			};
			buildConfigurationList = 2EB7DF2D1B622106008E6EBB /* Build configuration list for PBXProject "MyShapes1" */;
			compatibilityVersion = "Xcode 3.2";
			developmentRegion = English;
			hasScannedForEncodings = 0;
			knownRegions = (
				en,
				Base,
			);
			mainGroup = 2EB7DF291B622106008E6EBB;
			productRefGroup = 2EB7DF331B622106008E6EBB /* Products */;
			projectDirPath = "";
			projectRoot = "";
			targets = (
				2EB7DF311B622106008E6EBB /* MyShapes1 */,
				2EB7DF4D1B622106008E6EBB /* MyShapes1Tests */,
			);
		};
/* End PBXProject section */

/* Begin PBXResourcesBuildPhase section */
		2EB7DF301B622106008E6EBB /* Resources */ = {
			isa = PBXResourcesBuildPhase;
			buildActionMask = 2147483647;
			files = (
				2EB7DF441B622106008E6EBB /* Main.storyboard in Resources */,
				2EB7DF491B622106008E6EBB /* LaunchScreen.xib in Resources */,
				2EB7DF461B622106008E6EBB /* Images.xcassets in Resources */,
			);
			runOnlyForDeploymentPostprocessing = 0;
		};
		2EB7DF4C1B622106008E6EBB /* Resources */ = {
			isa = PBXResourcesBuildPhase;
			buildActionMask = 2147483647;
			files = (
			);
			runOnlyForDeploymentPostprocessing = 0;
		};
/* End PBXResourcesBuildPhase section */

/* Begin PBXSourcesBuildPhase section */
		2EB7DF2E1B622106008E6EBB /* Sources */ = {
			isa = PBXSourcesBuildPhase;
			buildActionMask = 2147483647;
			files = (
				2EB7DF411B622106008E6EBB /* SecondViewController.m in Sources */,
				2EB7DF3B1B622106008E6EBB /* AppDelegate.m in Sources */,
				2EB7DF3E1B622106008E6EBB /* FirstViewController.m in Sources */,
				2EB7DF381B622106008E6EBB /* main.m in Sources */,
			);
			runOnlyForDeploymentPostprocessing = 0;
		};
		2EB7DF4A1B622106008E6EBB /* Sources */ = {
			isa = PBXSourcesBuildPhase;
			buildActionMask = 2147483647;
			files = (
				2EB7DF551B622106008E6EBB /* MyShapes1Tests.m in Sources */,
			);
			runOnlyForDeploymentPostprocessing = 0;
		};
/* End PBXSourcesBuildPhase section */

/* Begin PBXTargetDependency section */
		2EB7DF501B622106008E6EBB /* PBXTargetDependency */ = {
			isa = PBXTargetDependency;
			target = 2EB7DF311B622106008E6EBB /* MyShapes1 */;
			targetProxy = 2EB7DF4F1B622106008E6EBB /* PBXContainerItemProxy */;
		};
/* End PBXTargetDependency section */

/* Begin PBXVariantGroup section */
		2EB7DF421B622106008E6EBB /* Main.storyboard */ = {
			isa = PBXVariantGroup;
			children = (
				2EB7DF431B622106008E6EBB /* Base */,
			);
			name = Main.storyboard;
			sourceTree = "<group>";
		};
		2EB7DF471B622106008E6EBB /* LaunchScreen.xib */ = {
			isa = PBXVariantGroup;
			children = (
				2EB7DF481B622106008E6EBB /* Base */,
			);
			name = LaunchScreen.xib;
			sourceTree = "<group>";
		};
/* End PBXVariantGroup section */

/* Begin XCBuildConfiguration section */
		2EB7DF561B622106008E6EBB /* Debug */ = {
			isa = XCBuildConfiguration;
			buildSettings = {
				ALWAYS_SEARCH_USER_PATHS = NO;
				CLANG_CXX_LANGUAGE_STANDARD = "gnu++0x";
				CLANG_CXX_LIBRARY = "libc++";
				CLANG_ENABLE_MODULES = YES;
				CLANG_ENABLE_OBJC_ARC = YES;
				CLANG_WARN_BOOL_CONVERSION = YES;
				CLANG_WARN_CONSTANT_CONVERSION = YES;
				CLANG_WARN_DIRECT_OBJC_ISA_USAGE = YES_ERROR;
				CLANG_WARN_EMPTY_BODY = YES;
				CLANG_WARN_ENUM_CONVERSION = YES;
				CLANG_WARN_INT_CONVERSION = YES;
				CLANG_WARN_OBJC_ROOT_CLASS = YES_ERROR;
				CLANG_WARN_UNREACHABLE_CODE = YES;
				CLANG_WARN__DUPLICATE_METHOD_MATCH = YES;
				"CODE_SIGN_IDENTITY[sdk=iphoneos*]" = "iPhone Developer";
				COPY_PHASE_STRIP = NO;
				DEBUG_INFORMATION_FORMAT = "dwarf-with-dsym";
				ENABLE_STRICT_OBJC_MSGSEND = YES;
				GCC_C_LANGUAGE_STANDARD = gnu99;
				GCC_DYNAMIC_NO_PIC = NO;
				GCC_NO_COMMON_BLOCKS = YES;
				GCC_OPTIMIZATION_LEVEL = 0;
				GCC_PREPROCESSOR_DEFINITIONS = (
					"DEBUG=1",
					"$(inherited)",
				);
				GCC_SYMBOLS_PRIVATE_EXTERN = NO;
				GCC_WARN_64_TO_32_BIT_CONVERSION = YES;
				GCC_WARN_ABOUT_RETURN_TYPE = YES_ERROR;
				GCC_WARN_UNDECLARED_SELECTOR = YES;
				GCC_WARN_UNINITIALIZED_AUTOS = YES_AGGRESSIVE;
				GCC_WARN_UNUSED_FUNCTION = YES;
				GCC_WARN_UNUSED_VARIABLE = YES;
				IPHONEOS_DEPLOYMENT_TARGET = 8.4;
				MTL_ENABLE_DEBUG_INFO = YES;
				ONLY_ACTIVE_ARCH = YES;
				SDKROOT = iphoneos;
			};
			name = Debug;
		};
		2EB7DF571B622106008E6EBB /* Release */ = {
			isa = XCBuildConfiguration;
			buildSettings = {
				ALWAYS_SEARCH_USER_PATHS = NO;
				CLANG_CXX_LANGUAGE_STANDARD = "gnu++0x";
				CLANG_CXX_LIBRARY = "libc++";
				CLANG_ENABLE_MODULES = YES;
				CLANG_ENABLE_OBJC_ARC = YES;
				CLANG_WARN_BOOL_CONVERSION = YES;
				CLANG_WARN_CONSTANT_CONVERSION = YES;
				CLANG_WARN_DIRECT_OBJC_ISA_USAGE = YES_ERROR;
				CLANG_WARN_EMPTY_BODY = YES;
				CLANG_WARN_ENUM_CONVERSION = YES;
				CLANG_WARN_INT_CONVERSION = YES;
				CLANG_WARN_OBJC_ROOT_CLASS = YES_ERROR;
				CLANG_WARN_UNREACHABLE_CODE = YES;
				CLANG_WARN__DUPLICATE_METHOD_MATCH = YES;
				"CODE_SIGN_IDENTITY[sdk=iphoneos*]" = "iPhone Developer";
				COPY_PHASE_STRIP = NO;
				DEBUG_INFORMATION_FORMAT = "dwarf-with-dsym";
				ENABLE_NS_ASSERTIONS = NO;
				ENABLE_STRICT_OBJC_MSGSEND = YES;
				GCC_C_LANGUAGE_STANDARD = gnu99;
				GCC_NO_COMMON_BLOCKS = YES;
				GCC_WARN_64_TO_32_BIT_CONVERSION = YES;
				GCC_WARN_ABOUT_RETURN_TYPE = YES_ERROR;
				GCC_WARN_UNDECLARED_SELECTOR = YES;
				GCC_WARN_UNINITIALIZED_AUTOS = YES_AGGRESSIVE;
				GCC_WARN_UNUSED_FUNCTION = YES;
				GCC_WARN_UNUSED_VARIABLE = YES;
				IPHONEOS_DEPLOYMENT_TARGET = 8.4;
				MTL_ENABLE_DEBUG_INFO = NO;
				SDKROOT = iphoneos;
				VALIDATE_PRODUCT = YES;
			};
			name = Release;
		};
		2EB7DF591B622106008E6EBB /* Debug */ = {
			isa = XCBuildConfiguration;
			buildSettings = {
				ASSETCATALOG_COMPILER_APPICON_NAME = AppIcon;
				INFOPLIST_FILE = MyShapes1/Info.plist;
				LD_RUNPATH_SEARCH_PATHS = "$(inherited) @executable_path/Frameworks";
				PRODUCT_NAME = "$(TARGET_NAME)";
			};
			name = Debug;
		};
		2EB7DF5A1B622106008E6EBB /* Release */ = {
			isa = XCBuildConfiguration;
			buildSettings = {
				ASSETCATALOG_COMPILER_APPICON_NAME = AppIcon;
				INFOPLIST_FILE = MyShapes1/Info.plist;
				LD_RUNPATH_SEARCH_PATHS = "$(inherited) @executable_path/Frameworks";
				PRODUCT_NAME = "$(TARGET_NAME)";
			};
			name = Release;
		};
		2EB7DF5C1B622106008E6EBB /* Debug */ = {
			isa = XCBuildConfiguration;
			buildSettings = {
				BUNDLE_LOADER = "$(TEST_HOST)";
				FRAMEWORK_SEARCH_PATHS = (
					"$(SDKROOT)/Developer/Library/Frameworks",
					"$(inherited)",
				);
				GCC_PREPROCESSOR_DEFINITIONS = (
					"DEBUG=1",
					"$(inherited)",
				);
				INFOPLIST_FILE = MyShapes1Tests/Info.plist;
				LD_RUNPATH_SEARCH_PATHS = "$(inherited) @executable_path/Frameworks @loader_path/Frameworks";
				PRODUCT_NAME = "$(TARGET_NAME)";
				TEST_HOST = "$(BUILT_PRODUCTS_DIR)/MyShapes1.app/MyShapes1";
			};
			name = Debug;
		};
		2EB7DF5D1B622106008E6EBB /* Release */ = {
			isa = XCBuildConfiguration;
			buildSettings = {
				BUNDLE_LOADER = "$(TEST_HOST)";
				FRAMEWORK_SEARCH_PATHS = (
					"$(SDKROOT)/Developer/Library/Frameworks",
					"$(inherited)",
				);
				INFOPLIST_FILE = MyShapes1Tests/Info.plist;
				LD_RUNPATH_SEARCH_PATHS = "$(inherited) @executable_path/Frameworks @loader_path/Frameworks";
				PRODUCT_NAME = "$(TARGET_NAME)";
				TEST_HOST = "$(BUILT_PRODUCTS_DIR)/MyShapes1.app/MyShapes1";
			};
			name = Release;
		};
/* End XCBuildConfiguration section */

/* Begin XCConfigurationList section */
		2EB7DF2D1B622106008E6EBB /* Build configuration list for PBXProject "MyShapes1" */ = {
			isa = XCConfigurationList;
			buildConfigurations = (
				2EB7DF561B622106008E6EBB /* Debug */,
				2EB7DF571B622106008E6EBB /* Release */,
			);
			defaultConfigurationIsVisible = 0;
			defaultConfigurationName = Release;
		};
		2EB7DF581B622106008E6EBB /* Build configuration list for PBXNativeTarget "MyShapes1" */ = {
			isa = XCConfigurationList;
			buildConfigurations = (
				2EB7DF591B622106008E6EBB /* Debug */,
				2EB7DF5A1B622106008E6EBB /* Release */,
			);
			defaultConfigurationIsVisible = 0;
		};
		2EB7DF5B1B622106008E6EBB /* Build configuration list for PBXNativeTarget "MyShapes1Tests" */ = {
			isa = XCConfigurationList;
			buildConfigurations = (
				2EB7DF5C1B622106008E6EBB /* Debug */,
				2EB7DF5D1B622106008E6EBB /* Release */,
			);
			defaultConfigurationIsVisible = 0;
		};
/* End XCConfigurationList section */
	};
	rootObject = 2EB7DF2A1B622106008E6EBB /* Project object */;
}
